// !$*UTF8*$!
{
	archiveVersion = 1;
	classes = {
	};
	objectVersion = 46;
	objects = {

/* Begin PBXBuildFile section */
		D5063D821EEFD41E00A921CB /* AppDelegate.swift in Sources */ = {isa = PBXBuildFile; fileRef = D5063D811EEFD41E00A921CB /* AppDelegate.swift */; };
		D5063D871EEFD41E00A921CB /* Main.storyboard in Resources */ = {isa = PBXBuildFile; fileRef = D5063D851EEFD41E00A921CB /* Main.storyboard */; };
		D5063D891EEFD41E00A921CB /* Assets.xcassets in Resources */ = {isa = PBXBuildFile; fileRef = D5063D881EEFD41E00A921CB /* Assets.xcassets */; };
		D5063D8C1EEFD41E00A921CB /* LaunchScreen.storyboard in Resources */ = {isa = PBXBuildFile; fileRef = D5063D8A1EEFD41E00A921CB /* LaunchScreen.storyboard */; };
		D59F6A2D1F0BF9CB0000C8D7 /* SwiftDemo.xcdatamodeld in Sources */ = {isa = PBXBuildFile; fileRef = D5EC7CFF1F0B7456001D338E /* SwiftDemo.xcdatamodeld */; };
		D59F6A351F0E993D0000C8D7 /* SwiftDemoUITests.swift in Sources */ = {isa = PBXBuildFile; fileRef = D59F6A341F0E993D0000C8D7 /* SwiftDemoUITests.swift */; };
		D59F6A431F0E99500000C8D7 /* SwiftDemoTests.swift in Sources */ = {isa = PBXBuildFile; fileRef = D59F6A421F0E99500000C8D7 /* SwiftDemoTests.swift */; };
		D5EC7D0F1F0B7456001D338E /* SearchCellTableViewCell.swift in Sources */ = {isa = PBXBuildFile; fileRef = D5EC7CF71F0B7456001D338E /* SearchCellTableViewCell.swift */; };
		D5EC7D101F0B7456001D338E /* NewValueViewController.swift in Sources */ = {isa = PBXBuildFile; fileRef = D5EC7CF91F0B7456001D338E /* NewValueViewController.swift */; };
		D5EC7D111F0B7456001D338E /* SearchViewController.swift in Sources */ = {isa = PBXBuildFile; fileRef = D5EC7CFA1F0B7456001D338E /* SearchViewController.swift */; };
		D5EC7D121F0B7456001D338E /* ViewController.swift in Sources */ = {isa = PBXBuildFile; fileRef = D5EC7CFB1F0B7456001D338E /* ViewController.swift */; };
		D5EC7D131F0B7456001D338E /* CoreDataManager.swift in Sources */ = {isa = PBXBuildFile; fileRef = D5EC7CFD1F0B7456001D338E /* CoreDataManager.swift */; };
		D5EC7D141F0B7456001D338E /* CoreDataModelExtension.swift in Sources */ = {isa = PBXBuildFile; fileRef = D5EC7CFE1F0B7456001D338E /* CoreDataModelExtension.swift */; };
		D5EC7D161F0B7456001D338E /* Bin.swift in Sources */ = {isa = PBXBuildFile; fileRef = D5EC7D031F0B7456001D338E /* Bin.swift */; };
		D5EC7D171F0B7456001D338E /* BinLocModel.swift in Sources */ = {isa = PBXBuildFile; fileRef = D5EC7D041F0B7456001D338E /* BinLocModel.swift */; };
		D5EC7D181F0B7456001D338E /* Item.swift in Sources */ = {isa = PBXBuildFile; fileRef = D5EC7D051F0B7456001D338E /* Item.swift */; };
		D5EC7D191F0B7456001D338E /* Location.swift in Sources */ = {isa = PBXBuildFile; fileRef = D5EC7D061F0B7456001D338E /* Location.swift */; };
		D5EC7D1A1F0B7456001D338E /* NetworkOperations.swift in Sources */ = {isa = PBXBuildFile; fileRef = D5EC7D081F0B7456001D338E /* NetworkOperations.swift */; };
		D5EC7D1B1F0B7456001D338E /* EntityProtocol.swift in Sources */ = {isa = PBXBuildFile; fileRef = D5EC7D0A1F0B7456001D338E /* EntityProtocol.swift */; };
		D5EC7D1C1F0B7456001D338E /* ViewControllerProtocol.swift in Sources */ = {isa = PBXBuildFile; fileRef = D5EC7D0B1F0B7456001D338E /* ViewControllerProtocol.swift */; };
		D5EC7D1D1F0B7456001D338E /* AppConstant.swift in Sources */ = {isa = PBXBuildFile; fileRef = D5EC7D0D1F0B7456001D338E /* AppConstant.swift */; };
		D5EC7D1E1F0B7456001D338E /* db.json in Resources */ = {isa = PBXBuildFile; fileRef = D5EC7D0E1F0B7456001D338E /* db.json */; };
		D5F29AEE1F0AE18B00841FD7 /* LaunchScreen.storyboard in Resources */ = {isa = PBXBuildFile; fileRef = D5F29AD31F0AE18B00841FD7 /* LaunchScreen.storyboard */; };
		D5F29AEF1F0AE18B00841FD7 /* Main.storyboard in Resources */ = {isa = PBXBuildFile; fileRef = D5F29AD51F0AE18B00841FD7 /* Main.storyboard */; };
/* End PBXBuildFile section */

/* Begin PBXContainerItemProxy section */
		D59F6A371F0E993D0000C8D7 /* PBXContainerItemProxy */ = {
			isa = PBXContainerItemProxy;
			containerPortal = D5063D761EEFD41E00A921CB /* Project object */;
			proxyType = 1;
			remoteGlobalIDString = D5063D7D1EEFD41E00A921CB;
			remoteInfo = SwiftDemo;
		};
		D59F6A451F0E99500000C8D7 /* PBXContainerItemProxy */ = {
			isa = PBXContainerItemProxy;
			containerPortal = D5063D761EEFD41E00A921CB /* Project object */;
			proxyType = 1;
			remoteGlobalIDString = D5063D7D1EEFD41E00A921CB;
			remoteInfo = SwiftDemo;
		};
/* End PBXContainerItemProxy section */

/* Begin PBXFileReference section */
		D5063D7E1EEFD41E00A921CB /* SwiftDemo.app */ = {isa = PBXFileReference; explicitFileType = wrapper.application; includeInIndex = 0; path = SwiftDemo.app; sourceTree = BUILT_PRODUCTS_DIR; };
		D5063D811EEFD41E00A921CB /* AppDelegate.swift */ = {isa = PBXFileReference; lastKnownFileType = sourcecode.swift; path = AppDelegate.swift; sourceTree = "<group>"; };
		D5063D861EEFD41E00A921CB /* Base */ = {isa = PBXFileReference; lastKnownFileType = file.storyboard; name = Base; path = Base.lproj/Main.storyboard; sourceTree = "<group>"; };
		D5063D881EEFD41E00A921CB /* Assets.xcassets */ = {isa = PBXFileReference; lastKnownFileType = folder.assetcatalog; path = Assets.xcassets; sourceTree = "<group>"; };
		D5063D8B1EEFD41E00A921CB /* Base */ = {isa = PBXFileReference; lastKnownFileType = file.storyboard; name = Base; path = Base.lproj/LaunchScreen.storyboard; sourceTree = "<group>"; };
		D5063D8D1EEFD41E00A921CB /* Info.plist */ = {isa = PBXFileReference; lastKnownFileType = text.plist.xml; path = Info.plist; sourceTree = "<group>"; };
		D5063DCF1EF3A57E00A921CB /* MyPlayground.playground */ = {isa = PBXFileReference; lastKnownFileType = file.playground; path = MyPlayground.playground; sourceTree = "<group>"; };
		D59F6A321F0E993D0000C8D7 /* SwiftDemoUITests.xctest */ = {isa = PBXFileReference; explicitFileType = wrapper.cfbundle; includeInIndex = 0; path = SwiftDemoUITests.xctest; sourceTree = BUILT_PRODUCTS_DIR; };
		D59F6A341F0E993D0000C8D7 /* SwiftDemoUITests.swift */ = {isa = PBXFileReference; lastKnownFileType = sourcecode.swift; path = SwiftDemoUITests.swift; sourceTree = "<group>"; };
		D59F6A361F0E993D0000C8D7 /* Info.plist */ = {isa = PBXFileReference; lastKnownFileType = text.plist.xml; path = Info.plist; sourceTree = "<group>"; };
		D59F6A401F0E99500000C8D7 /* SwiftDemoTests.xctest */ = {isa = PBXFileReference; explicitFileType = wrapper.cfbundle; includeInIndex = 0; path = SwiftDemoTests.xctest; sourceTree = BUILT_PRODUCTS_DIR; };
		D59F6A421F0E99500000C8D7 /* SwiftDemoTests.swift */ = {isa = PBXFileReference; lastKnownFileType = sourcecode.swift; path = SwiftDemoTests.swift; sourceTree = "<group>"; };
		D59F6A441F0E99500000C8D7 /* Info.plist */ = {isa = PBXFileReference; lastKnownFileType = text.plist.xml; path = Info.plist; sourceTree = "<group>"; };
		D5EC7CF71F0B7456001D338E /* SearchCellTableViewCell.swift */ = {isa = PBXFileReference; fileEncoding = 4; lastKnownFileType = sourcecode.swift; path = SearchCellTableViewCell.swift; sourceTree = "<group>"; };
		D5EC7CF91F0B7456001D338E /* NewValueViewController.swift */ = {isa = PBXFileReference; fileEncoding = 4; lastKnownFileType = sourcecode.swift; path = NewValueViewController.swift; sourceTree = "<group>"; };
		D5EC7CFA1F0B7456001D338E /* SearchViewController.swift */ = {isa = PBXFileReference; fileEncoding = 4; lastKnownFileType = sourcecode.swift; path = SearchViewController.swift; sourceTree = "<group>"; };
		D5EC7CFB1F0B7456001D338E /* ViewController.swift */ = {isa = PBXFileReference; fileEncoding = 4; lastKnownFileType = sourcecode.swift; path = ViewController.swift; sourceTree = "<group>"; };
		D5EC7CFD1F0B7456001D338E /* CoreDataManager.swift */ = {isa = PBXFileReference; fileEncoding = 4; lastKnownFileType = sourcecode.swift; path = CoreDataManager.swift; sourceTree = "<group>"; };
		D5EC7CFE1F0B7456001D338E /* CoreDataModelExtension.swift */ = {isa = PBXFileReference; fileEncoding = 4; lastKnownFileType = sourcecode.swift; path = CoreDataModelExtension.swift; sourceTree = "<group>"; };
		D5EC7D001F0B7456001D338E /* SwiftDemo 2.xcdatamodel */ = {isa = PBXFileReference; lastKnownFileType = wrapper.xcdatamodel; path = "SwiftDemo 2.xcdatamodel"; sourceTree = "<group>"; };
		D5EC7D011F0B7456001D338E /* SwiftDemo.xcdatamodel */ = {isa = PBXFileReference; lastKnownFileType = wrapper.xcdatamodel; path = SwiftDemo.xcdatamodel; sourceTree = "<group>"; };
		D5EC7D031F0B7456001D338E /* Bin.swift */ = {isa = PBXFileReference; fileEncoding = 4; lastKnownFileType = sourcecode.swift; path = Bin.swift; sourceTree = "<group>"; };
		D5EC7D041F0B7456001D338E /* BinLocModel.swift */ = {isa = PBXFileReference; fileEncoding = 4; lastKnownFileType = sourcecode.swift; path = BinLocModel.swift; sourceTree = "<group>"; };
		D5EC7D051F0B7456001D338E /* Item.swift */ = {isa = PBXFileReference; fileEncoding = 4; lastKnownFileType = sourcecode.swift; path = Item.swift; sourceTree = "<group>"; };
		D5EC7D061F0B7456001D338E /* Location.swift */ = {isa = PBXFileReference; fileEncoding = 4; lastKnownFileType = sourcecode.swift; path = Location.swift; sourceTree = "<group>"; };
		D5EC7D081F0B7456001D338E /* NetworkOperations.swift */ = {isa = PBXFileReference; fileEncoding = 4; lastKnownFileType = sourcecode.swift; path = NetworkOperations.swift; sourceTree = "<group>"; };
		D5EC7D0A1F0B7456001D338E /* EntityProtocol.swift */ = {isa = PBXFileReference; fileEncoding = 4; lastKnownFileType = sourcecode.swift; path = EntityProtocol.swift; sourceTree = "<group>"; };
		D5EC7D0B1F0B7456001D338E /* ViewControllerProtocol.swift */ = {isa = PBXFileReference; fileEncoding = 4; lastKnownFileType = sourcecode.swift; path = ViewControllerProtocol.swift; sourceTree = "<group>"; };
		D5EC7D0D1F0B7456001D338E /* AppConstant.swift */ = {isa = PBXFileReference; fileEncoding = 4; lastKnownFileType = sourcecode.swift; path = AppConstant.swift; sourceTree = "<group>"; };
		D5EC7D0E1F0B7456001D338E /* db.json */ = {isa = PBXFileReference; fileEncoding = 4; lastKnownFileType = text.json; path = db.json; sourceTree = "<group>"; };
		D5F29AD41F0AE18B00841FD7 /* Base */ = {isa = PBXFileReference; lastKnownFileType = file.storyboard; name = Base; path = LaunchScreen.storyboard; sourceTree = "<group>"; };
		D5F29AD61F0AE18B00841FD7 /* Base */ = {isa = PBXFileReference; lastKnownFileType = file.storyboard; name = Base; path = Main.storyboard; sourceTree = "<group>"; };
/* End PBXFileReference section */

/* Begin PBXFrameworksBuildPhase section */
		D5063D7B1EEFD41E00A921CB /* Frameworks */ = {
			isa = PBXFrameworksBuildPhase;
			buildActionMask = 2147483647;
			files = (
			);
			runOnlyForDeploymentPostprocessing = 0;
		};
		D59F6A2F1F0E993D0000C8D7 /* Frameworks */ = {
			isa = PBXFrameworksBuildPhase;
			buildActionMask = 2147483647;
			files = (
			);
			runOnlyForDeploymentPostprocessing = 0;
		};
		D59F6A3D1F0E99500000C8D7 /* Frameworks */ = {
			isa = PBXFrameworksBuildPhase;
			buildActionMask = 2147483647;
			files = (
			);
			runOnlyForDeploymentPostprocessing = 0;
		};
/* End PBXFrameworksBuildPhase section */

/* Begin PBXGroup section */
		D5063D751EEFD41E00A921CB = {
			isa = PBXGroup;
			children = (
				D5063DCF1EF3A57E00A921CB /* MyPlayground.playground */,
				D5063D801EEFD41E00A921CB /* SwiftDemo */,
				D59F6A331F0E993D0000C8D7 /* SwiftDemoUITests */,
				D59F6A411F0E99500000C8D7 /* SwiftDemoTests */,
				D5063D7F1EEFD41E00A921CB /* Products */,
			);
			sourceTree = "<group>";
		};
		D5063D7F1EEFD41E00A921CB /* Products */ = {
			isa = PBXGroup;
			children = (
				D5063D7E1EEFD41E00A921CB /* SwiftDemo.app */,
				D59F6A321F0E993D0000C8D7 /* SwiftDemoUITests.xctest */,
				D59F6A401F0E99500000C8D7 /* SwiftDemoTests.xctest */,
			);
			name = Products;
			sourceTree = "<group>";
		};
		D5063D801EEFD41E00A921CB /* SwiftDemo */ = {
			isa = PBXGroup;
			children = (
				D5EC7CF61F0B7456001D338E /* Cell */,
				D5EC7CF81F0B7456001D338E /* Controllers */,
				D5EC7CFC1F0B7456001D338E /* CoreData */,
				D5EC7D021F0B7456001D338E /* Model */,
				D5EC7D071F0B7456001D338E /* Network */,
				D5EC7D091F0B7456001D338E /* Protocols */,
				D5EC7D0C1F0B7456001D338E /* Utility */,
				D5F29AD21F0AE18B00841FD7 /* Base.lproj */,
				D5063D811EEFD41E00A921CB /* AppDelegate.swift */,
				D5063D851EEFD41E00A921CB /* Main.storyboard */,
				D5063D881EEFD41E00A921CB /* Assets.xcassets */,
				D5063D8A1EEFD41E00A921CB /* LaunchScreen.storyboard */,
				D5063D8D1EEFD41E00A921CB /* Info.plist */,
			);
			path = SwiftDemo;
			sourceTree = "<group>";
		};
		D59F6A331F0E993D0000C8D7 /* SwiftDemoUITests */ = {
			isa = PBXGroup;
			children = (
				D59F6A341F0E993D0000C8D7 /* SwiftDemoUITests.swift */,
				D59F6A361F0E993D0000C8D7 /* Info.plist */,
			);
			path = SwiftDemoUITests;
			sourceTree = "<group>";
		};
		D59F6A411F0E99500000C8D7 /* SwiftDemoTests */ = {
			isa = PBXGroup;
			children = (
				D59F6A421F0E99500000C8D7 /* SwiftDemoTests.swift */,
				D59F6A441F0E99500000C8D7 /* Info.plist */,
			);
			path = SwiftDemoTests;
			sourceTree = "<group>";
		};
		D5EC7CF61F0B7456001D338E /* Cell */ = {
			isa = PBXGroup;
			children = (
				D5EC7CF71F0B7456001D338E /* SearchCellTableViewCell.swift */,
			);
			path = Cell;
			sourceTree = "<group>";
		};
		D5EC7CF81F0B7456001D338E /* Controllers */ = {
			isa = PBXGroup;
			children = (
				D5EC7CF91F0B7456001D338E /* NewValueViewController.swift */,
				D5EC7CFA1F0B7456001D338E /* SearchViewController.swift */,
				D5EC7CFB1F0B7456001D338E /* ViewController.swift */,
			);
			path = Controllers;
			sourceTree = "<group>";
		};
		D5EC7CFC1F0B7456001D338E /* CoreData */ = {
			isa = PBXGroup;
			children = (
				D5EC7CFD1F0B7456001D338E /* CoreDataManager.swift */,
				D5EC7CFE1F0B7456001D338E /* CoreDataModelExtension.swift */,
				D5EC7CFF1F0B7456001D338E /* SwiftDemo.xcdatamodeld */,
			);
			path = CoreData;
			sourceTree = "<group>";
		};
		D5EC7D021F0B7456001D338E /* Model */ = {
			isa = PBXGroup;
			children = (
				D5EC7D031F0B7456001D338E /* Bin.swift */,
				D5EC7D041F0B7456001D338E /* BinLocModel.swift */,
				D5EC7D051F0B7456001D338E /* Item.swift */,
				D5EC7D061F0B7456001D338E /* Location.swift */,
			);
			path = Model;
			sourceTree = "<group>";
		};
		D5EC7D071F0B7456001D338E /* Network */ = {
			isa = PBXGroup;
			children = (
				D5EC7D081F0B7456001D338E /* NetworkOperations.swift */,
			);
			path = Network;
			sourceTree = "<group>";
		};
		D5EC7D091F0B7456001D338E /* Protocols */ = {
			isa = PBXGroup;
			children = (
				D5EC7D0A1F0B7456001D338E /* EntityProtocol.swift */,
				D5EC7D0B1F0B7456001D338E /* ViewControllerProtocol.swift */,
			);
			path = Protocols;
			sourceTree = "<group>";
		};
		D5EC7D0C1F0B7456001D338E /* Utility */ = {
			isa = PBXGroup;
			children = (
				D5EC7D0D1F0B7456001D338E /* AppConstant.swift */,
				D5EC7D0E1F0B7456001D338E /* db.json */,
			);
			path = Utility;
			sourceTree = "<group>";
		};
		D5F29AD21F0AE18B00841FD7 /* Base.lproj */ = {
			isa = PBXGroup;
			children = (
				D5F29AD31F0AE18B00841FD7 /* LaunchScreen.storyboard */,
				D5F29AD51F0AE18B00841FD7 /* Main.storyboard */,
			);
			path = Base.lproj;
			sourceTree = "<group>";
		};
/* End PBXGroup section */

/* Begin PBXNativeTarget section */
		D5063D7D1EEFD41E00A921CB /* SwiftDemo */ = {
			isa = PBXNativeTarget;
			buildConfigurationList = D5063D901EEFD41E00A921CB /* Build configuration list for PBXNativeTarget "SwiftDemo" */;
			buildPhases = (
				D5063D7A1EEFD41E00A921CB /* Sources */,
				D5063D7B1EEFD41E00A921CB /* Frameworks */,
				D5063D7C1EEFD41E00A921CB /* Resources */,
			);
			buildRules = (
			);
			dependencies = (
			);
			name = SwiftDemo;
			productName = SwiftDemo;
			productReference = D5063D7E1EEFD41E00A921CB /* SwiftDemo.app */;
			productType = "com.apple.product-type.application";
		};
		D59F6A311F0E993D0000C8D7 /* SwiftDemoUITests */ = {
			isa = PBXNativeTarget;
			buildConfigurationList = D59F6A391F0E993D0000C8D7 /* Build configuration list for PBXNativeTarget "SwiftDemoUITests" */;
			buildPhases = (
				D59F6A2E1F0E993D0000C8D7 /* Sources */,
				D59F6A2F1F0E993D0000C8D7 /* Frameworks */,
				D59F6A301F0E993D0000C8D7 /* Resources */,
			);
			buildRules = (
			);
			dependencies = (
				D59F6A381F0E993D0000C8D7 /* PBXTargetDependency */,
			);
			name = SwiftDemoUITests;
			productName = SwiftDemoUITests;
			productReference = D59F6A321F0E993D0000C8D7 /* SwiftDemoUITests.xctest */;
			productType = "com.apple.product-type.bundle.ui-testing";
		};
		D59F6A3F1F0E99500000C8D7 /* SwiftDemoTests */ = {
			isa = PBXNativeTarget;
			buildConfigurationList = D59F6A471F0E99500000C8D7 /* Build configuration list for PBXNativeTarget "SwiftDemoTests" */;
			buildPhases = (
				D59F6A3C1F0E99500000C8D7 /* Sources */,
				D59F6A3D1F0E99500000C8D7 /* Frameworks */,
				D59F6A3E1F0E99500000C8D7 /* Resources */,
			);
			buildRules = (
			);
			dependencies = (
				D59F6A461F0E99500000C8D7 /* PBXTargetDependency */,
			);
			name = SwiftDemoTests;
			productName = SwiftDemoTests;
			productReference = D59F6A401F0E99500000C8D7 /* SwiftDemoTests.xctest */;
			productType = "com.apple.product-type.bundle.unit-test";
		};
/* End PBXNativeTarget section */

/* Begin PBXProject section */
		D5063D761EEFD41E00A921CB /* Project object */ = {
			isa = PBXProject;
			attributes = {
				LastSwiftUpdateCheck = 0830;
				LastUpgradeCheck = 0830;
				ORGANIZATIONNAME = Nisum;
				TargetAttributes = {
					D5063D7D1EEFD41E00A921CB = {
						CreatedOnToolsVersion = 8.3.2;
						ProvisioningStyle = Automatic;
					};
					D59F6A311F0E993D0000C8D7 = {
						CreatedOnToolsVersion = 8.3.2;
						ProvisioningStyle = Automatic;
						TestTargetID = D5063D7D1EEFD41E00A921CB;
					};
					D59F6A3F1F0E99500000C8D7 = {
						CreatedOnToolsVersion = 8.3.2;
						ProvisioningStyle = Automatic;
						TestTargetID = D5063D7D1EEFD41E00A921CB;
					};
				};
			};
			buildConfigurationList = D5063D791EEFD41E00A921CB /* Build configuration list for PBXProject "SwiftDemo" */;
			compatibilityVersion = "Xcode 3.2";
			developmentRegion = English;
			hasScannedForEncodings = 0;
			knownRegions = (
				en,
				Base,
			);
			mainGroup = D5063D751EEFD41E00A921CB;
			productRefGroup = D5063D7F1EEFD41E00A921CB /* Products */;
			projectDirPath = "";
			projectRoot = "";
			targets = (
				D5063D7D1EEFD41E00A921CB /* SwiftDemo */,
				D59F6A311F0E993D0000C8D7 /* SwiftDemoUITests */,
				D59F6A3F1F0E99500000C8D7 /* SwiftDemoTests */,
			);
		};
/* End PBXProject section */

/* Begin PBXResourcesBuildPhase section */
		D5063D7C1EEFD41E00A921CB /* Resources */ = {
			isa = PBXResourcesBuildPhase;
			buildActionMask = 2147483647;
			files = (
				D5063D8C1EEFD41E00A921CB /* LaunchScreen.storyboard in Resources */,
				D5F29AEF1F0AE18B00841FD7 /* Main.storyboard in Resources */,
				D5F29AEE1F0AE18B00841FD7 /* LaunchScreen.storyboard in Resources */,
				D5EC7D1E1F0B7456001D338E /* db.json in Resources */,
				D5063D891EEFD41E00A921CB /* Assets.xcassets in Resources */,
				D5063D871EEFD41E00A921CB /* Main.storyboard in Resources */,
			);
			runOnlyForDeploymentPostprocessing = 0;
		};
		D59F6A301F0E993D0000C8D7 /* Resources */ = {
			isa = PBXResourcesBuildPhase;
			buildActionMask = 2147483647;
			files = (
			);
			runOnlyForDeploymentPostprocessing = 0;
		};
		D59F6A3E1F0E99500000C8D7 /* Resources */ = {
			isa = PBXResourcesBuildPhase;
			buildActionMask = 2147483647;
			files = (
			);
			runOnlyForDeploymentPostprocessing = 0;
		};
/* End PBXResourcesBuildPhase section */

/* Begin PBXSourcesBuildPhase section */
		D5063D7A1EEFD41E00A921CB /* Sources */ = {
			isa = PBXSourcesBuildPhase;
			buildActionMask = 2147483647;
			files = (
				D59F6A2D1F0BF9CB0000C8D7 /* SwiftDemo.xcdatamodeld in Sources */,
				D5EC7D1A1F0B7456001D338E /* NetworkOperations.swift in Sources */,
				D5EC7D1B1F0B7456001D338E /* EntityProtocol.swift in Sources */,
				D5EC7D1C1F0B7456001D338E /* ViewControllerProtocol.swift in Sources */,
				D5EC7D131F0B7456001D338E /* CoreDataManager.swift in Sources */,
				D5EC7D171F0B7456001D338E /* BinLocModel.swift in Sources */,
				D5EC7D121F0B7456001D338E /* ViewController.swift in Sources */,
				D5EC7D1D1F0B7456001D338E /* AppConstant.swift in Sources */,
				D5EC7D101F0B7456001D338E /* NewValueViewController.swift in Sources */,
				D5063D821EEFD41E00A921CB /* AppDelegate.swift in Sources */,
				D5EC7D181F0B7456001D338E /* Item.swift in Sources */,
				D5EC7D111F0B7456001D338E /* SearchViewController.swift in Sources */,
				D5EC7D0F1F0B7456001D338E /* SearchCellTableViewCell.swift in Sources */,
				D5EC7D161F0B7456001D338E /* Bin.swift in Sources */,
				D5EC7D191F0B7456001D338E /* Location.swift in Sources */,
				D5EC7D141F0B7456001D338E /* CoreDataModelExtension.swift in Sources */,
			);
			runOnlyForDeploymentPostprocessing = 0;
		};
		D59F6A2E1F0E993D0000C8D7 /* Sources */ = {
			isa = PBXSourcesBuildPhase;
			buildActionMask = 2147483647;
			files = (
				D59F6A351F0E993D0000C8D7 /* SwiftDemoUITests.swift in Sources */,
			);
			runOnlyForDeploymentPostprocessing = 0;
		};
		D59F6A3C1F0E99500000C8D7 /* Sources */ = {
			isa = PBXSourcesBuildPhase;
			buildActionMask = 2147483647;
			files = (
				D59F6A431F0E99500000C8D7 /* SwiftDemoTests.swift in Sources */,
			);
			runOnlyForDeploymentPostprocessing = 0;
		};
/* End PBXSourcesBuildPhase section */

/* Begin PBXTargetDependency section */
		D59F6A381F0E993D0000C8D7 /* PBXTargetDependency */ = {
			isa = PBXTargetDependency;
			target = D5063D7D1EEFD41E00A921CB /* SwiftDemo */;
			targetProxy = D59F6A371F0E993D0000C8D7 /* PBXContainerItemProxy */;
		};
		D59F6A461F0E99500000C8D7 /* PBXTargetDependency */ = {
			isa = PBXTargetDependency;
			target = D5063D7D1EEFD41E00A921CB /* SwiftDemo */;
			targetProxy = D59F6A451F0E99500000C8D7 /* PBXContainerItemProxy */;
		};
/* End PBXTargetDependency section */

/* Begin PBXVariantGroup section */
		D5063D851EEFD41E00A921CB /* Main.storyboard */ = {
			isa = PBXVariantGroup;
			children = (
				D5063D861EEFD41E00A921CB /* Base */,
			);
			name = Main.storyboard;
			sourceTree = "<group>";
		};
		D5063D8A1EEFD41E00A921CB /* LaunchScreen.storyboard */ = {
			isa = PBXVariantGroup;
			children = (
				D5063D8B1EEFD41E00A921CB /* Base */,
			);
			name = LaunchScreen.storyboard;
			sourceTree = "<group>";
		};
		D5F29AD31F0AE18B00841FD7 /* LaunchScreen.storyboard */ = {
			isa = PBXVariantGroup;
			children = (
				D5F29AD41F0AE18B00841FD7 /* Base */,
			);
			name = LaunchScreen.storyboard;
			sourceTree = "<group>";
		};
		D5F29AD51F0AE18B00841FD7 /* Main.storyboard */ = {
			isa = PBXVariantGroup;
			children = (
				D5F29AD61F0AE18B00841FD7 /* Base */,
			);
			name = Main.storyboard;
			sourceTree = "<group>";
		};
/* End PBXVariantGroup section */

/* Begin XCBuildConfiguration section */
		D5063D8E1EEFD41E00A921CB /* Debug */ = {
			isa = XCBuildConfiguration;
			buildSettings = {
				ALWAYS_SEARCH_USER_PATHS = NO;
				CLANG_ANALYZER_NONNULL = YES;
				CLANG_ANALYZER_NUMBER_OBJECT_CONVERSION = YES_AGGRESSIVE;
				CLANG_CXX_LANGUAGE_STANDARD = "gnu++0x";
				CLANG_CXX_LIBRARY = "libc++";
				CLANG_ENABLE_MODULES = YES;
				CLANG_ENABLE_OBJC_ARC = YES;
				CLANG_WARN_BOOL_CONVERSION = YES;
				CLANG_WARN_CONSTANT_CONVERSION = YES;
				CLANG_WARN_DIRECT_OBJC_ISA_USAGE = YES_ERROR;
				CLANG_WARN_DOCUMENTATION_COMMENTS = YES;
				CLANG_WARN_EMPTY_BODY = YES;
				CLANG_WARN_ENUM_CONVERSION = YES;
				CLANG_WARN_INFINITE_RECURSION = YES;
				CLANG_WARN_INT_CONVERSION = YES;
				CLANG_WARN_OBJC_ROOT_CLASS = YES_ERROR;
				CLANG_WARN_SUSPICIOUS_MOVE = YES;
				CLANG_WARN_UNREACHABLE_CODE = YES;
				CLANG_WARN__DUPLICATE_METHOD_MATCH = YES;
				"CODE_SIGN_IDENTITY[sdk=iphoneos*]" = "iPhone Developer";
				COPY_PHASE_STRIP = NO;
				DEBUG_INFORMATION_FORMAT = dwarf;
				ENABLE_STRICT_OBJC_MSGSEND = YES;
				ENABLE_TESTABILITY = YES;
				GCC_C_LANGUAGE_STANDARD = gnu99;
				GCC_DYNAMIC_NO_PIC = NO;
				GCC_NO_COMMON_BLOCKS = YES;
				GCC_OPTIMIZATION_LEVEL = 0;
				GCC_PREPROCESSOR_DEFINITIONS = (
					"DEBUG=1",
					"$(inherited)",
				);
				GCC_WARN_64_TO_32_BIT_CONVERSION = YES;
				GCC_WARN_ABOUT_RETURN_TYPE = YES_ERROR;
				GCC_WARN_UNDECLARED_SELECTOR = YES;
				GCC_WARN_UNINITIALIZED_AUTOS = YES_AGGRESSIVE;
				GCC_WARN_UNUSED_FUNCTION = YES;
				GCC_WARN_UNUSED_VARIABLE = YES;
				IPHONEOS_DEPLOYMENT_TARGET = 10.3;
				MTL_ENABLE_DEBUG_INFO = YES;
				ONLY_ACTIVE_ARCH = YES;
				SDKROOT = iphoneos;
				SWIFT_ACTIVE_COMPILATION_CONDITIONS = DEBUG;
				SWIFT_OPTIMIZATION_LEVEL = "-Onone";
				TARGETED_DEVICE_FAMILY = "1,2";
			};
			name = Debug;
		};
		D5063D8F1EEFD41E00A921CB /* Release */ = {
			isa = XCBuildConfiguration;
			buildSettings = {
				ALWAYS_SEARCH_USER_PATHS = NO;
				CLANG_ANALYZER_NONNULL = YES;
				CLANG_ANALYZER_NUMBER_OBJECT_CONVERSION = YES_AGGRESSIVE;
				CLANG_CXX_LANGUAGE_STANDARD = "gnu++0x";
				CLANG_CXX_LIBRARY = "libc++";
				CLANG_ENABLE_MODULES = YES;
				CLANG_ENABLE_OBJC_ARC = YES;
				CLANG_WARN_BOOL_CONVERSION = YES;
				CLANG_WARN_CONSTANT_CONVERSION = YES;
				CLANG_WARN_DIRECT_OBJC_ISA_USAGE = YES_ERROR;
				CLANG_WARN_DOCUMENTATION_COMMENTS = YES;
				CLANG_WARN_EMPTY_BODY = YES;
				CLANG_WARN_ENUM_CONVERSION = YES;
				CLANG_WARN_INFINITE_RECURSION = YES;
				CLANG_WARN_INT_CONVERSION = YES;
				CLANG_WARN_OBJC_ROOT_CLASS = YES_ERROR;
				CLANG_WARN_SUSPICIOUS_MOVE = YES;
				CLANG_WARN_UNREACHABLE_CODE = YES;
				CLANG_WARN__DUPLICATE_METHOD_MATCH = YES;
				"CODE_SIGN_IDENTITY[sdk=iphoneos*]" = "iPhone Developer";
				COPY_PHASE_STRIP = NO;
				DEBUG_INFORMATION_FORMAT = "dwarf-with-dsym";
				ENABLE_NS_ASSERTIONS = NO;
				ENABLE_STRICT_OBJC_MSGSEND = YES;
				GCC_C_LANGUAGE_STANDARD = gnu99;
				GCC_NO_COMMON_BLOCKS = YES;
				GCC_WARN_64_TO_32_BIT_CONVERSION = YES;
				GCC_WARN_ABOUT_RETURN_TYPE = YES_ERROR;
				GCC_WARN_UNDECLARED_SELECTOR = YES;
				GCC_WARN_UNINITIALIZED_AUTOS = YES_AGGRESSIVE;
				GCC_WARN_UNUSED_FUNCTION = YES;
				GCC_WARN_UNUSED_VARIABLE = YES;
				IPHONEOS_DEPLOYMENT_TARGET = 10.3;
				MTL_ENABLE_DEBUG_INFO = NO;
				SDKROOT = iphoneos;
				SWIFT_OPTIMIZATION_LEVEL = "-Owholemodule";
				TARGETED_DEVICE_FAMILY = "1,2";
				VALIDATE_PRODUCT = YES;
			};
			name = Release;
		};
		D5063D911EEFD41E00A921CB /* Debug */ = {
			isa = XCBuildConfiguration;
			buildSettings = {
				ASSETCATALOG_COMPILER_APPICON_NAME = AppIcon;
				INFOPLIST_FILE = SwiftDemo/Info.plist;
				LD_RUNPATH_SEARCH_PATHS = "$(inherited) @executable_path/Frameworks";
				PRODUCT_BUNDLE_IDENTIFIER = "com.test.-.SwiftDemo";
				PRODUCT_NAME = "$(TARGET_NAME)";
				SWIFT_VERSION = 3.0;
			};
			name = Debug;
		};
		D5063D921EEFD41E00A921CB /* Release */ = {
			isa = XCBuildConfiguration;
			buildSettings = {
				ASSETCATALOG_COMPILER_APPICON_NAME = AppIcon;
				ENABLE_TESTABILITY = YES;
				INFOPLIST_FILE = SwiftDemo/Info.plist;
				LD_RUNPATH_SEARCH_PATHS = "$(inherited) @executable_path/Frameworks";
				PRODUCT_BUNDLE_IDENTIFIER = "com.test.-.SwiftDemo";
				PRODUCT_NAME = "$(TARGET_NAME)";
				SWIFT_VERSION = 3.0;
			};
			name = Release;
		};
		D59F6A3A1F0E993D0000C8D7 /* Debug */ = {
			isa = XCBuildConfiguration;
			buildSettings = {
				INFOPLIST_FILE = SwiftDemoUITests/Info.plist;
				LD_RUNPATH_SEARCH_PATHS = "$(inherited) @executable_path/Frameworks @loader_path/Frameworks";
				PRODUCT_BUNDLE_IDENTIFIER = com.test..SwiftDemoUITests;
				PRODUCT_NAME = "$(TARGET_NAME)";
				SWIFT_VERSION = 3.0;
				TEST_TARGET_NAME = SwiftDemo;
			};
			name = Debug;
		};
		D59F6A3B1F0E993D0000C8D7 /* Release */ = {
			isa = XCBuildConfiguration;
			buildSettings = {
				INFOPLIST_FILE = SwiftDemoUITests/Info.plist;
				LD_RUNPATH_SEARCH_PATHS = "$(inherited) @executable_path/Frameworks @loader_path/Frameworks";
				PRODUCT_BUNDLE_IDENTIFIER = com.test..SwiftDemoUITests;
				PRODUCT_NAME = "$(TARGET_NAME)";
				SWIFT_VERSION = 3.0;
				TEST_TARGET_NAME = SwiftDemo;
			};
			name = Release;
		};
		D59F6A481F0E99500000C8D7 /* Debug */ = {
			isa = XCBuildConfiguration;
			buildSettings = {
				BUNDLE_LOADER = "$(TEST_HOST)";
				INFOPLIST_FILE = SwiftDemoTests/Info.plist;
				LD_RUNPATH_SEARCH_PATHS = "$(inherited) @executable_path/Frameworks @loader_path/Frameworks";
				PRODUCT_BUNDLE_IDENTIFIER = com.test..SwiftDemoTests;
				PRODUCT_NAME = "$(TARGET_NAME)";
				SWIFT_VERSION = 3.0;
				TEST_HOST = "$(BUILT_PRODUCTS_DIR)/SwiftDemo.app/SwiftDemo";
			};
			name = Debug;
		};
		D59F6A491F0E99500000C8D7 /* Release */ = {
			isa = XCBuildConfiguration;
			buildSettings = {
				BUNDLE_LOADER = "$(TEST_HOST)";
				INFOPLIST_FILE = SwiftDemoTests/Info.plist;
				LD_RUNPATH_SEARCH_PATHS = "$(inherited) @executable_path/Frameworks @loader_path/Frameworks";
				PRODUCT_BUNDLE_IDENTIFIER = com.test..SwiftDemoTests;
				PRODUCT_NAME = "$(TARGET_NAME)";
				SWIFT_VERSION = 3.0;
				TEST_HOST = "$(BUILT_PRODUCTS_DIR)/SwiftDemo.app/SwiftDemo";
			};
			name = Release;
		};
/* End XCBuildConfiguration section */

/* Begin XCConfigurationList section */
		D5063D791EEFD41E00A921CB /* Build configuration list for PBXProject "SwiftDemo" */ = {
			isa = XCConfigurationList;
			buildConfigurations = (
				D5063D8E1EEFD41E00A921CB /* Debug */,
				D5063D8F1EEFD41E00A921CB /* Release */,
			);
			defaultConfigurationIsVisible = 0;
			defaultConfigurationName = Release;
		};
		D5063D901EEFD41E00A921CB /* Build configuration list for PBXNativeTarget "SwiftDemo" */ = {
			isa = XCConfigurationList;
			buildConfigurations = (
				D5063D911EEFD41E00A921CB /* Debug */,
				D5063D921EEFD41E00A921CB /* Release */,
			);
			defaultConfigurationIsVisible = 0;
			defaultConfigurationName = Release;
		};
		D59F6A391F0E993D0000C8D7 /* Build configuration list for PBXNativeTarget "SwiftDemoUITests" */ = {
			isa = XCConfigurationList;
			buildConfigurations = (
				D59F6A3A1F0E993D0000C8D7 /* Debug */,
				D59F6A3B1F0E993D0000C8D7 /* Release */,
			);
			defaultConfigurationIsVisible = 0;
		};
		D59F6A471F0E99500000C8D7 /* Build configuration list for PBXNativeTarget "SwiftDemoTests" */ = {
			isa = XCConfigurationList;
			buildConfigurations = (
				D59F6A481F0E99500000C8D7 /* Debug */,
				D59F6A491F0E99500000C8D7 /* Release */,
			);
			defaultConfigurationIsVisible = 0;
		};
/* End XCConfigurationList section */

/* Begin XCVersionGroup section */
		D5EC7CFF1F0B7456001D338E /* SwiftDemo.xcdatamodeld */ = {
			isa = XCVersionGroup;
			children = (
				D5EC7D001F0B7456001D338E /* SwiftDemo 2.xcdatamodel */,
				D5EC7D011F0B7456001D338E /* SwiftDemo.xcdatamodel */,
			);
			currentVersion = D5EC7D001F0B7456001D338E /* SwiftDemo 2.xcdatamodel */;
			path = SwiftDemo.xcdatamodeld;
			sourceTree = "<group>";
			versionGroupType = wrapper.xcdatamodel;
		};
/* End XCVersionGroup section */
	};
	rootObject = D5063D761EEFD41E00A921CB /* Project object */;
}
